// !$*UTF8*$!
{
	archiveVersion = 1;
	classes = {
	};
	objectVersion = 50;
	objects = {

/* Begin PBXBuildFile section */
		CDC3DA1E2A919E765EFC9C83 /* Pods_AnacoreKit_AnacoreKitTests.framework in Frameworks */ = {isa = PBXBuildFile; fileRef = AF29357E59609BF570B17BD7 /* Pods_AnacoreKit_AnacoreKitTests.framework */; };
		E2266D2A50AB455498513790 /* Pods_AnacoreKit.framework in Frameworks */ = {isa = PBXBuildFile; fileRef = FE2AFEFDE8D51D60300D18CD /* Pods_AnacoreKit.framework */; };
		F84EADC026FC2758003189FC /* JRALogging.swift in Sources */ = {isa = PBXBuildFile; fileRef = F84EADBF26FC2758003189FC /* JRALogging.swift */; };
		F84EADD027015FDD003189FC /* JRAConfigContainer.swift in Sources */ = {isa = PBXBuildFile; fileRef = F84EADCF27015FDD003189FC /* JRAConfigContainer.swift */; };
		F84EADDC27076E4D003189FC /* HomeViewController.swift in Sources */ = {isa = PBXBuildFile; fileRef = F84EADDB27076E4D003189FC /* HomeViewController.swift */; };
		F84EADE227077E5D003189FC /* JRAScrollView.swift in Sources */ = {isa = PBXBuildFile; fileRef = F84EADE127077E5D003189FC /* JRAScrollView.swift */; };
		F84EADE7270862F6003189FC /* JRABaseCard.swift in Sources */ = {isa = PBXBuildFile; fileRef = F84EADE6270862F5003189FC /* JRABaseCard.swift */; };
		F84EADEC271988AA003189FC /* TableViewController.swift in Sources */ = {isa = PBXBuildFile; fileRef = F84EADEB271988AA003189FC /* TableViewController.swift */; };
		F87BB47D26759120007D8B8C /* JRACardTests.swift in Sources */ = {isa = PBXBuildFile; fileRef = F87BB47C26759120007D8B8C /* JRACardTests.swift */; };
		F87BB4D126B0D312007D8B8C /* JRATable.swift in Sources */ = {isa = PBXBuildFile; fileRef = F87BB4D026B0D312007D8B8C /* JRATable.swift */; };
		F87BB4DA26B0D4EC007D8B8C /* JRARootDatasource.swift in Sources */ = {isa = PBXBuildFile; fileRef = F87BB4D926B0D4EC007D8B8C /* JRARootDatasource.swift */; };
		F87BB4E126B1C3F3007D8B8C /* JRARootDatasourceTests.swift in Sources */ = {isa = PBXBuildFile; fileRef = F87BB4E026B1C3F3007D8B8C /* JRARootDatasourceTests.swift */; };
		F87EAB37266DE73500A15F6E /* AnacoreKit.framework in Frameworks */ = {isa = PBXBuildFile; fileRef = F87EAB2D266DE73500A15F6E /* AnacoreKit.framework */; };
		F87EAB3C266DE73500A15F6E /* AnacoreKitTests.swift in Sources */ = {isa = PBXBuildFile; fileRef = F87EAB3B266DE73500A15F6E /* AnacoreKitTests.swift */; };
		F87EAB3E266DE73500A15F6E /* AnacoreKit.h in Headers */ = {isa = PBXBuildFile; fileRef = F87EAB30266DE73500A15F6E /* AnacoreKit.h */; settings = {ATTRIBUTES = (Public, ); }; };
		F87EAB66266DE7FA00A15F6E /* JRADivider.swift in Sources */ = {isa = PBXBuildFile; fileRef = F87EAB4C266DE7FA00A15F6E /* JRADivider.swift */; };
		F87EAB67266DE7FA00A15F6E /* JRACard.swift in Sources */ = {isa = PBXBuildFile; fileRef = F87EAB4E266DE7FA00A15F6E /* JRACard.swift */; };
		F87EAB68266DE7FA00A15F6E /* JRABorderLabel.swift in Sources */ = {isa = PBXBuildFile; fileRef = F87EAB51266DE7FA00A15F6E /* JRABorderLabel.swift */; };
		F87EAB69266DE7FA00A15F6E /* JRALabel.swift in Sources */ = {isa = PBXBuildFile; fileRef = F87EAB52266DE7FA00A15F6E /* JRALabel.swift */; };
		F87EAB6A266DE7FA00A15F6E /* JRATextField.swift in Sources */ = {isa = PBXBuildFile; fileRef = F87EAB54266DE7FA00A15F6E /* JRATextField.swift */; };
		F87EAB6B266DE7FA00A15F6E /* JRAOverlay.swift in Sources */ = {isa = PBXBuildFile; fileRef = F87EAB57266DE7FA00A15F6E /* JRAOverlay.swift */; };
		F87EAB6C266DE7FA00A15F6E /* JRABaseModal.swift in Sources */ = {isa = PBXBuildFile; fileRef = F87EAB59266DE7FA00A15F6E /* JRABaseModal.swift */; };
		F87EAB6D266DE7FA00A15F6E /* JRARootVC.swift in Sources */ = {isa = PBXBuildFile; fileRef = F87EAB5B266DE7FA00A15F6E /* JRARootVC.swift */; };
		F87EAB6E266DE7FA00A15F6E /* JRAStackView.swift in Sources */ = {isa = PBXBuildFile; fileRef = F87EAB5D266DE7FA00A15F6E /* JRAStackView.swift */; };
		F87EAB6F266DE7FA00A15F6E /* JRAConstraintStruct.swift in Sources */ = {isa = PBXBuildFile; fileRef = F87EAB5F266DE7FA00A15F6E /* JRAConstraintStruct.swift */; };
		F87EAB70266DE7FA00A15F6E /* JRAStyleConfig.swift in Sources */ = {isa = PBXBuildFile; fileRef = F87EAB61266DE7FA00A15F6E /* JRAStyleConfig.swift */; };
		F87EAB71266DE7FA00A15F6E /* JRAStyleProtocols.swift in Sources */ = {isa = PBXBuildFile; fileRef = F87EAB62266DE7FA00A15F6E /* JRAStyleProtocols.swift */; };
		F87EAB72266DE7FA00A15F6E /* JRALayoutHelper.swift in Sources */ = {isa = PBXBuildFile; fileRef = F87EAB64266DE7FA00A15F6E /* JRALayoutHelper.swift */; };
		F87EAB73266DE7FA00A15F6E /* JRAAnimationHelper.swift in Sources */ = {isa = PBXBuildFile; fileRef = F87EAB65266DE7FA00A15F6E /* JRAAnimationHelper.swift */; };
		F8B25A90279589EC006F0413 /* Roboto-Regular.ttf in Resources */ = {isa = PBXBuildFile; fileRef = F8B25A84279589EB006F0413 /* Roboto-Regular.ttf */; };
		F8B25A91279589EC006F0413 /* Roboto-Bold.ttf in Resources */ = {isa = PBXBuildFile; fileRef = F8B25A85279589EB006F0413 /* Roboto-Bold.ttf */; };
		F8B25A92279589EC006F0413 /* Roboto-Black.ttf in Resources */ = {isa = PBXBuildFile; fileRef = F8B25A86279589EB006F0413 /* Roboto-Black.ttf */; };
		F8B25A93279589EC006F0413 /* Roboto-Thin.ttf in Resources */ = {isa = PBXBuildFile; fileRef = F8B25A87279589EB006F0413 /* Roboto-Thin.ttf */; };
		F8B25A96279589EC006F0413 /* Roboto-Light.ttf in Resources */ = {isa = PBXBuildFile; fileRef = F8B25A8A279589EB006F0413 /* Roboto-Light.ttf */; };
		F8B25A98279589EC006F0413 /* Roboto-Medium.ttf in Resources */ = {isa = PBXBuildFile; fileRef = F8B25A8C279589EC006F0413 /* Roboto-Medium.ttf */; };
		F8B25AA4279AD324006F0413 /* UIFont+Extensions.swift in Sources */ = {isa = PBXBuildFile; fileRef = F8B25AA3279AD324006F0413 /* UIFont+Extensions.swift */; };
		F8B25AAF279AD983006F0413 /* Oswald-SemiBold.ttf in Resources */ = {isa = PBXBuildFile; fileRef = F8B25AA9279AD982006F0413 /* Oswald-SemiBold.ttf */; };
		F8B25AB0279AD983006F0413 /* Oswald-Medium.ttf in Resources */ = {isa = PBXBuildFile; fileRef = F8B25AAA279AD982006F0413 /* Oswald-Medium.ttf */; };
		F8B25AB1279AD983006F0413 /* Oswald-ExtraLight.ttf in Resources */ = {isa = PBXBuildFile; fileRef = F8B25AAB279AD982006F0413 /* Oswald-ExtraLight.ttf */; };
		F8B25AB2279AD983006F0413 /* Oswald-Light.ttf in Resources */ = {isa = PBXBuildFile; fileRef = F8B25AAC279AD982006F0413 /* Oswald-Light.ttf */; };
		F8B25AB3279AD983006F0413 /* Oswald-Bold.ttf in Resources */ = {isa = PBXBuildFile; fileRef = F8B25AAD279AD983006F0413 /* Oswald-Bold.ttf */; };
		F8B25AB4279AD983006F0413 /* Oswald-Regular.ttf in Resources */ = {isa = PBXBuildFile; fileRef = F8B25AAE279AD983006F0413 /* Oswald-Regular.ttf */; };
		F8F79467266DE90100E7B2CA /* AppDelegate.swift in Sources */ = {isa = PBXBuildFile; fileRef = F8F79466266DE90100E7B2CA /* AppDelegate.swift */; };
		F8F79469266DE90100E7B2CA /* SceneDelegate.swift in Sources */ = {isa = PBXBuildFile; fileRef = F8F79468266DE90100E7B2CA /* SceneDelegate.swift */; };
		F8F7946B266DE90100E7B2CA /* ViewController.swift in Sources */ = {isa = PBXBuildFile; fileRef = F8F7946A266DE90100E7B2CA /* ViewController.swift */; };
		F8F79470266DE90300E7B2CA /* Assets.xcassets in Resources */ = {isa = PBXBuildFile; fileRef = F8F7946F266DE90300E7B2CA /* Assets.xcassets */; };
		F8F79473266DE90300E7B2CA /* LaunchScreen.storyboard in Resources */ = {isa = PBXBuildFile; fileRef = F8F79471266DE90300E7B2CA /* LaunchScreen.storyboard */; };
		F8F7947F266F082900E7B2CA /* JRALayouthelperTests.swift in Sources */ = {isa = PBXBuildFile; fileRef = F8F7947E266F082900E7B2CA /* JRALayouthelperTests.swift */; };
		F8F79488266F2DEB00E7B2CA /* GWTExpression.swift in Sources */ = {isa = PBXBuildFile; fileRef = F8F79487266F2DEB00E7B2CA /* GWTExpression.swift */; };
/* End PBXBuildFile section */

/* Begin PBXContainerItemProxy section */
		F87EAB38266DE73500A15F6E /* PBXContainerItemProxy */ = {
			isa = PBXContainerItemProxy;
			containerPortal = F87EAB24266DE73500A15F6E /* Project object */;
			proxyType = 1;
			remoteGlobalIDString = F87EAB2C266DE73500A15F6E;
			remoteInfo = AnacoreKit;
		};
/* End PBXContainerItemProxy section */

/* Begin PBXFileReference section */
		340ACA44880744E53498EBC2 /* Pods-AnacoreKit-AnacoreKitTests.debug.xcconfig */ = {isa = PBXFileReference; includeInIndex = 1; lastKnownFileType = text.xcconfig; name = "Pods-AnacoreKit-AnacoreKitTests.debug.xcconfig"; path = "Target Support Files/Pods-AnacoreKit-AnacoreKitTests/Pods-AnacoreKit-AnacoreKitTests.debug.xcconfig"; sourceTree = "<group>"; };
		5BBD5F5C7A007050BB51EC8A /* Pods-AnacoreKit.release.xcconfig */ = {isa = PBXFileReference; includeInIndex = 1; lastKnownFileType = text.xcconfig; name = "Pods-AnacoreKit.release.xcconfig"; path = "Target Support Files/Pods-AnacoreKit/Pods-AnacoreKit.release.xcconfig"; sourceTree = "<group>"; };
		5F5647F3E41F3F9B894346F4 /* Pods-AnacoreKit.debug.xcconfig */ = {isa = PBXFileReference; includeInIndex = 1; lastKnownFileType = text.xcconfig; name = "Pods-AnacoreKit.debug.xcconfig"; path = "Target Support Files/Pods-AnacoreKit/Pods-AnacoreKit.debug.xcconfig"; sourceTree = "<group>"; };
		5FF187469C429CACFC495C86 /* Pods-AnacoreKit-AnacoreKitTests.release.xcconfig */ = {isa = PBXFileReference; includeInIndex = 1; lastKnownFileType = text.xcconfig; name = "Pods-AnacoreKit-AnacoreKitTests.release.xcconfig"; path = "Target Support Files/Pods-AnacoreKit-AnacoreKitTests/Pods-AnacoreKit-AnacoreKitTests.release.xcconfig"; sourceTree = "<group>"; };
		AF29357E59609BF570B17BD7 /* Pods_AnacoreKit_AnacoreKitTests.framework */ = {isa = PBXFileReference; explicitFileType = wrapper.framework; includeInIndex = 0; path = Pods_AnacoreKit_AnacoreKitTests.framework; sourceTree = BUILT_PRODUCTS_DIR; };
		F84EADBF26FC2758003189FC /* JRALogging.swift */ = {isa = PBXFileReference; lastKnownFileType = sourcecode.swift; path = JRALogging.swift; sourceTree = "<group>"; };
		F84EADCF27015FDD003189FC /* JRAConfigContainer.swift */ = {isa = PBXFileReference; lastKnownFileType = sourcecode.swift; path = JRAConfigContainer.swift; sourceTree = "<group>"; };
		F84EADDB27076E4D003189FC /* HomeViewController.swift */ = {isa = PBXFileReference; lastKnownFileType = sourcecode.swift; path = HomeViewController.swift; sourceTree = "<group>"; };
		F84EADE127077E5D003189FC /* JRAScrollView.swift */ = {isa = PBXFileReference; lastKnownFileType = sourcecode.swift; path = JRAScrollView.swift; sourceTree = "<group>"; };
		F84EADE6270862F5003189FC /* JRABaseCard.swift */ = {isa = PBXFileReference; lastKnownFileType = sourcecode.swift; path = JRABaseCard.swift; sourceTree = "<group>"; };
		F84EADEB271988AA003189FC /* TableViewController.swift */ = {isa = PBXFileReference; lastKnownFileType = sourcecode.swift; path = TableViewController.swift; sourceTree = "<group>"; };
		F87BB47C26759120007D8B8C /* JRACardTests.swift */ = {isa = PBXFileReference; lastKnownFileType = sourcecode.swift; path = JRACardTests.swift; sourceTree = "<group>"; };
		F87BB4D026B0D312007D8B8C /* JRATable.swift */ = {isa = PBXFileReference; lastKnownFileType = sourcecode.swift; path = JRATable.swift; sourceTree = "<group>"; };
		F87BB4D926B0D4EC007D8B8C /* JRARootDatasource.swift */ = {isa = PBXFileReference; lastKnownFileType = sourcecode.swift; path = JRARootDatasource.swift; sourceTree = "<group>"; };
		F87BB4E026B1C3F3007D8B8C /* JRARootDatasourceTests.swift */ = {isa = PBXFileReference; lastKnownFileType = sourcecode.swift; path = JRARootDatasourceTests.swift; sourceTree = "<group>"; };
		F87EAB2D266DE73500A15F6E /* AnacoreKit.framework */ = {isa = PBXFileReference; explicitFileType = wrapper.framework; includeInIndex = 0; path = AnacoreKit.framework; sourceTree = BUILT_PRODUCTS_DIR; };
		F87EAB30266DE73500A15F6E /* AnacoreKit.h */ = {isa = PBXFileReference; lastKnownFileType = sourcecode.c.h; path = AnacoreKit.h; sourceTree = "<group>"; };
		F87EAB31266DE73500A15F6E /* Info.plist */ = {isa = PBXFileReference; lastKnownFileType = text.plist.xml; path = Info.plist; sourceTree = "<group>"; };
		F87EAB36266DE73500A15F6E /* AnacoreKitTests.xctest */ = {isa = PBXFileReference; explicitFileType = wrapper.cfbundle; includeInIndex = 0; path = AnacoreKitTests.xctest; sourceTree = BUILT_PRODUCTS_DIR; };
		F87EAB3B266DE73500A15F6E /* AnacoreKitTests.swift */ = {isa = PBXFileReference; lastKnownFileType = sourcecode.swift; path = AnacoreKitTests.swift; sourceTree = "<group>"; };
		F87EAB3D266DE73500A15F6E /* Info.plist */ = {isa = PBXFileReference; lastKnownFileType = text.plist.xml; path = Info.plist; sourceTree = "<group>"; };
		F87EAB4C266DE7FA00A15F6E /* JRADivider.swift */ = {isa = PBXFileReference; fileEncoding = 4; lastKnownFileType = sourcecode.swift; path = JRADivider.swift; sourceTree = "<group>"; };
		F87EAB4E266DE7FA00A15F6E /* JRACard.swift */ = {isa = PBXFileReference; fileEncoding = 4; lastKnownFileType = sourcecode.swift; path = JRACard.swift; sourceTree = "<group>"; };
		F87EAB51266DE7FA00A15F6E /* JRABorderLabel.swift */ = {isa = PBXFileReference; fileEncoding = 4; lastKnownFileType = sourcecode.swift; path = JRABorderLabel.swift; sourceTree = "<group>"; };
		F87EAB52266DE7FA00A15F6E /* JRALabel.swift */ = {isa = PBXFileReference; fileEncoding = 4; lastKnownFileType = sourcecode.swift; path = JRALabel.swift; sourceTree = "<group>"; };
		F87EAB54266DE7FA00A15F6E /* JRATextField.swift */ = {isa = PBXFileReference; fileEncoding = 4; lastKnownFileType = sourcecode.swift; path = JRATextField.swift; sourceTree = "<group>"; };
		F87EAB57266DE7FA00A15F6E /* JRAOverlay.swift */ = {isa = PBXFileReference; fileEncoding = 4; lastKnownFileType = sourcecode.swift; path = JRAOverlay.swift; sourceTree = "<group>"; };
		F87EAB59266DE7FA00A15F6E /* JRABaseModal.swift */ = {isa = PBXFileReference; fileEncoding = 4; lastKnownFileType = sourcecode.swift; path = JRABaseModal.swift; sourceTree = "<group>"; };
		F87EAB5B266DE7FA00A15F6E /* JRARootVC.swift */ = {isa = PBXFileReference; fileEncoding = 4; lastKnownFileType = sourcecode.swift; path = JRARootVC.swift; sourceTree = "<group>"; };
		F87EAB5D266DE7FA00A15F6E /* JRAStackView.swift */ = {isa = PBXFileReference; fileEncoding = 4; lastKnownFileType = sourcecode.swift; path = JRAStackView.swift; sourceTree = "<group>"; };
		F87EAB5F266DE7FA00A15F6E /* JRAConstraintStruct.swift */ = {isa = PBXFileReference; fileEncoding = 4; lastKnownFileType = sourcecode.swift; path = JRAConstraintStruct.swift; sourceTree = "<group>"; };
		F87EAB61266DE7FA00A15F6E /* JRAStyleConfig.swift */ = {isa = PBXFileReference; fileEncoding = 4; lastKnownFileType = sourcecode.swift; path = JRAStyleConfig.swift; sourceTree = "<group>"; };
		F87EAB62266DE7FA00A15F6E /* JRAStyleProtocols.swift */ = {isa = PBXFileReference; fileEncoding = 4; lastKnownFileType = sourcecode.swift; path = JRAStyleProtocols.swift; sourceTree = "<group>"; };
		F87EAB64266DE7FA00A15F6E /* JRALayoutHelper.swift */ = {isa = PBXFileReference; fileEncoding = 4; lastKnownFileType = sourcecode.swift; path = JRALayoutHelper.swift; sourceTree = "<group>"; };
		F87EAB65266DE7FA00A15F6E /* JRAAnimationHelper.swift */ = {isa = PBXFileReference; fileEncoding = 4; lastKnownFileType = sourcecode.swift; path = JRAAnimationHelper.swift; sourceTree = "<group>"; };
		F8B25A84279589EB006F0413 /* Roboto-Regular.ttf */ = {isa = PBXFileReference; lastKnownFileType = file; path = "Roboto-Regular.ttf"; sourceTree = "<group>"; };
		F8B25A85279589EB006F0413 /* Roboto-Bold.ttf */ = {isa = PBXFileReference; lastKnownFileType = file; path = "Roboto-Bold.ttf"; sourceTree = "<group>"; };
		F8B25A86279589EB006F0413 /* Roboto-Black.ttf */ = {isa = PBXFileReference; lastKnownFileType = file; path = "Roboto-Black.ttf"; sourceTree = "<group>"; };
		F8B25A87279589EB006F0413 /* Roboto-Thin.ttf */ = {isa = PBXFileReference; lastKnownFileType = file; path = "Roboto-Thin.ttf"; sourceTree = "<group>"; };
		F8B25A8A279589EB006F0413 /* Roboto-Light.ttf */ = {isa = PBXFileReference; lastKnownFileType = file; path = "Roboto-Light.ttf"; sourceTree = "<group>"; };
		F8B25A8C279589EC006F0413 /* Roboto-Medium.ttf */ = {isa = PBXFileReference; lastKnownFileType = file; path = "Roboto-Medium.ttf"; sourceTree = "<group>"; };
		F8B25AA3279AD324006F0413 /* UIFont+Extensions.swift */ = {isa = PBXFileReference; lastKnownFileType = sourcecode.swift; path = "UIFont+Extensions.swift"; sourceTree = "<group>"; };
		F8B25AA9279AD982006F0413 /* Oswald-SemiBold.ttf */ = {isa = PBXFileReference; lastKnownFileType = file; path = "Oswald-SemiBold.ttf"; sourceTree = "<group>"; };
		F8B25AAA279AD982006F0413 /* Oswald-Medium.ttf */ = {isa = PBXFileReference; lastKnownFileType = file; path = "Oswald-Medium.ttf"; sourceTree = "<group>"; };
		F8B25AAB279AD982006F0413 /* Oswald-ExtraLight.ttf */ = {isa = PBXFileReference; lastKnownFileType = file; path = "Oswald-ExtraLight.ttf"; sourceTree = "<group>"; };
		F8B25AAC279AD982006F0413 /* Oswald-Light.ttf */ = {isa = PBXFileReference; lastKnownFileType = file; path = "Oswald-Light.ttf"; sourceTree = "<group>"; };
		F8B25AAD279AD983006F0413 /* Oswald-Bold.ttf */ = {isa = PBXFileReference; lastKnownFileType = file; path = "Oswald-Bold.ttf"; sourceTree = "<group>"; };
		F8B25AAE279AD983006F0413 /* Oswald-Regular.ttf */ = {isa = PBXFileReference; lastKnownFileType = file; path = "Oswald-Regular.ttf"; sourceTree = "<group>"; };
		F8F79464266DE90100E7B2CA /* AnacoreKitDemo.app */ = {isa = PBXFileReference; explicitFileType = wrapper.application; includeInIndex = 0; path = AnacoreKitDemo.app; sourceTree = BUILT_PRODUCTS_DIR; };
		F8F79466266DE90100E7B2CA /* AppDelegate.swift */ = {isa = PBXFileReference; lastKnownFileType = sourcecode.swift; path = AppDelegate.swift; sourceTree = "<group>"; };
		F8F79468266DE90100E7B2CA /* SceneDelegate.swift */ = {isa = PBXFileReference; lastKnownFileType = sourcecode.swift; path = SceneDelegate.swift; sourceTree = "<group>"; };
		F8F7946A266DE90100E7B2CA /* ViewController.swift */ = {isa = PBXFileReference; lastKnownFileType = sourcecode.swift; path = ViewController.swift; sourceTree = "<group>"; };
		F8F7946F266DE90300E7B2CA /* Assets.xcassets */ = {isa = PBXFileReference; lastKnownFileType = folder.assetcatalog; path = Assets.xcassets; sourceTree = "<group>"; };
		F8F79472266DE90300E7B2CA /* Base */ = {isa = PBXFileReference; lastKnownFileType = file.storyboard; name = Base; path = Base.lproj/LaunchScreen.storyboard; sourceTree = "<group>"; };
		F8F79474266DE90300E7B2CA /* Info.plist */ = {isa = PBXFileReference; lastKnownFileType = text.plist.xml; path = Info.plist; sourceTree = "<group>"; };
		F8F7947E266F082900E7B2CA /* JRALayouthelperTests.swift */ = {isa = PBXFileReference; lastKnownFileType = sourcecode.swift; path = JRALayouthelperTests.swift; sourceTree = "<group>"; };
		F8F79487266F2DEB00E7B2CA /* GWTExpression.swift */ = {isa = PBXFileReference; lastKnownFileType = sourcecode.swift; path = GWTExpression.swift; sourceTree = "<group>"; };
		FE2AFEFDE8D51D60300D18CD /* Pods_AnacoreKit.framework */ = {isa = PBXFileReference; explicitFileType = wrapper.framework; includeInIndex = 0; path = Pods_AnacoreKit.framework; sourceTree = BUILT_PRODUCTS_DIR; };
/* End PBXFileReference section */

/* Begin PBXFrameworksBuildPhase section */
		F87EAB2A266DE73500A15F6E /* Frameworks */ = {
			isa = PBXFrameworksBuildPhase;
			buildActionMask = 2147483647;
			files = (
				E2266D2A50AB455498513790 /* Pods_AnacoreKit.framework in Frameworks */,
			);
			runOnlyForDeploymentPostprocessing = 0;
		};
		F87EAB33266DE73500A15F6E /* Frameworks */ = {
			isa = PBXFrameworksBuildPhase;
			buildActionMask = 2147483647;
			files = (
				F87EAB37266DE73500A15F6E /* AnacoreKit.framework in Frameworks */,
				CDC3DA1E2A919E765EFC9C83 /* Pods_AnacoreKit_AnacoreKitTests.framework in Frameworks */,
			);
			runOnlyForDeploymentPostprocessing = 0;
		};
		F8F79461266DE90100E7B2CA /* Frameworks */ = {
			isa = PBXFrameworksBuildPhase;
			buildActionMask = 2147483647;
			files = (
			);
			runOnlyForDeploymentPostprocessing = 0;
		};
/* End PBXFrameworksBuildPhase section */

/* Begin PBXGroup section */
		CC3F348C4833C667CCAA5793 /* Frameworks */ = {
			isa = PBXGroup;
			children = (
				FE2AFEFDE8D51D60300D18CD /* Pods_AnacoreKit.framework */,
				AF29357E59609BF570B17BD7 /* Pods_AnacoreKit_AnacoreKitTests.framework */,
			);
			name = Frameworks;
			sourceTree = "<group>";
		};
		F84EADDA27076E19003189FC /* Home */ = {
			isa = PBXGroup;
			children = (
				F84EADF027198F37003189FC /* TableViews */,
				F84EADDB27076E4D003189FC /* HomeViewController.swift */,
			);
			path = Home;
			sourceTree = "<group>";
		};
		F84EADE027077E49003189FC /* Views */ = {
			isa = PBXGroup;
			children = (
				F84EADE127077E5D003189FC /* JRAScrollView.swift */,
			);
			path = Views;
			sourceTree = "<group>";
		};
		F84EADF027198F37003189FC /* TableViews */ = {
			isa = PBXGroup;
			children = (
				F84EADEB271988AA003189FC /* TableViewController.swift */,
			);
			path = TableViews;
			sourceTree = "<group>";
		};
		F87BB47B267590C5007D8B8C /* Card */ = {
			isa = PBXGroup;
			children = (
				F87BB47C26759120007D8B8C /* JRACardTests.swift */,
			);
			path = Card;
			sourceTree = "<group>";
		};
		F87BB4CF26B0D2C2007D8B8C /* Table */ = {
			isa = PBXGroup;
			children = (
				F87BB4D826B0D4D6007D8B8C /* Datasource */,
				F87BB4D026B0D312007D8B8C /* JRATable.swift */,
			);
			path = Table;
			sourceTree = "<group>";
		};
		F87BB4D826B0D4D6007D8B8C /* Datasource */ = {
			isa = PBXGroup;
			children = (
				F87BB4D926B0D4EC007D8B8C /* JRARootDatasource.swift */,
			);
			path = Datasource;
			sourceTree = "<group>";
		};
		F87BB4DE26B1C3D1007D8B8C /* Table */ = {
			isa = PBXGroup;
			children = (
				F87BB4DF26B1C3D8007D8B8C /* Datasource */,
			);
			path = Table;
			sourceTree = "<group>";
		};
		F87BB4DF26B1C3D8007D8B8C /* Datasource */ = {
			isa = PBXGroup;
			children = (
				F87BB4E026B1C3F3007D8B8C /* JRARootDatasourceTests.swift */,
			);
			path = Datasource;
			sourceTree = "<group>";
		};
		F87EAB23266DE73500A15F6E = {
			isa = PBXGroup;
			children = (
				F87EAB2F266DE73500A15F6E /* AnacoreKit */,
				F87EAB3A266DE73500A15F6E /* AnacoreKitTests */,
				F8F79465266DE90100E7B2CA /* AnacoreKitDemo */,
				F87EAB2E266DE73500A15F6E /* Products */,
				FE2535D5B1DD7BABB930B5DB /* Pods */,
				CC3F348C4833C667CCAA5793 /* Frameworks */,
			);
			sourceTree = "<group>";
		};
		F87EAB2E266DE73500A15F6E /* Products */ = {
			isa = PBXGroup;
			children = (
				F87EAB2D266DE73500A15F6E /* AnacoreKit.framework */,
				F87EAB36266DE73500A15F6E /* AnacoreKitTests.xctest */,
				F8F79464266DE90100E7B2CA /* AnacoreKitDemo.app */,
			);
			name = Products;
			sourceTree = "<group>";
		};
		F87EAB2F266DE73500A15F6E /* AnacoreKit */ = {
			isa = PBXGroup;
			children = (
				F87EAB49266DE7FA00A15F6E /* framework */,
				F87EAB30266DE73500A15F6E /* AnacoreKit.h */,
				F87EAB31266DE73500A15F6E /* Info.plist */,
			);
			path = AnacoreKit;
			sourceTree = "<group>";
		};
		F87EAB3A266DE73500A15F6E /* AnacoreKitTests */ = {
			isa = PBXGroup;
			children = (
				F8F7947B266F07C300E7B2CA /* framework */,
				F87EAB3B266DE73500A15F6E /* AnacoreKitTests.swift */,
				F87EAB3D266DE73500A15F6E /* Info.plist */,
			);
			path = AnacoreKitTests;
			sourceTree = "<group>";
		};
		F87EAB49266DE7FA00A15F6E /* framework */ = {
			isa = PBXGroup;
			children = (
				F8B25AA2279AD307006F0413 /* Extensions */,
				F8B25A7E279585FD006F0413 /* Fonts */,
				F87EAB4A266DE7FA00A15F6E /* UI */,
				F87EAB5E266DE7FA00A15F6E /* Models */,
				F87EAB60266DE7FA00A15F6E /* Configs */,
				F87EAB63266DE7FA00A15F6E /* Service */,
			);
			path = framework;
			sourceTree = "<group>";
		};
		F87EAB4A266DE7FA00A15F6E /* UI */ = {
			isa = PBXGroup;
			children = (
				F84EADE027077E49003189FC /* Views */,
				F87BB4CF26B0D2C2007D8B8C /* Table */,
				F87EAB4B266DE7FA00A15F6E /* Misc */,
				F87EAB4D266DE7FA00A15F6E /* Card */,
				F87EAB4F266DE7FA00A15F6E /* Label */,
				F87EAB53266DE7FA00A15F6E /* TextField */,
				F87EAB55266DE7FA00A15F6E /* Modals */,
				F87EAB5A266DE7FA00A15F6E /* ViewControllers */,
				F87EAB5C266DE7FA00A15F6E /* Stack */,
			);
			path = UI;
			sourceTree = "<group>";
		};
		F87EAB4B266DE7FA00A15F6E /* Misc */ = {
			isa = PBXGroup;
			children = (
				F87EAB4C266DE7FA00A15F6E /* JRADivider.swift */,
			);
			path = Misc;
			sourceTree = "<group>";
		};
		F87EAB4D266DE7FA00A15F6E /* Card */ = {
			isa = PBXGroup;
			children = (
				F87EAB4E266DE7FA00A15F6E /* JRACard.swift */,
				F84EADE6270862F5003189FC /* JRABaseCard.swift */,
			);
			path = Card;
			sourceTree = "<group>";
		};
		F87EAB4F266DE7FA00A15F6E /* Label */ = {
			isa = PBXGroup;
			children = (
				F87EAB50266DE7FA00A15F6E /* BorderLabel */,
				F87EAB52266DE7FA00A15F6E /* JRALabel.swift */,
			);
			path = Label;
			sourceTree = "<group>";
		};
		F87EAB50266DE7FA00A15F6E /* BorderLabel */ = {
			isa = PBXGroup;
			children = (
				F87EAB51266DE7FA00A15F6E /* JRABorderLabel.swift */,
			);
			path = BorderLabel;
			sourceTree = "<group>";
		};
		F87EAB53266DE7FA00A15F6E /* TextField */ = {
			isa = PBXGroup;
			children = (
				F87EAB54266DE7FA00A15F6E /* JRATextField.swift */,
			);
			path = TextField;
			sourceTree = "<group>";
		};
		F87EAB55266DE7FA00A15F6E /* Modals */ = {
			isa = PBXGroup;
			children = (
				F87EAB56266DE7FA00A15F6E /* Overlays */,
				F87EAB58266DE7FA00A15F6E /* Modal */,
			);
			path = Modals;
			sourceTree = "<group>";
		};
		F87EAB56266DE7FA00A15F6E /* Overlays */ = {
			isa = PBXGroup;
			children = (
				F87EAB57266DE7FA00A15F6E /* JRAOverlay.swift */,
			);
			path = Overlays;
			sourceTree = "<group>";
		};
		F87EAB58266DE7FA00A15F6E /* Modal */ = {
			isa = PBXGroup;
			children = (
				F87EAB59266DE7FA00A15F6E /* JRABaseModal.swift */,
			);
			path = Modal;
			sourceTree = "<group>";
		};
		F87EAB5A266DE7FA00A15F6E /* ViewControllers */ = {
			isa = PBXGroup;
			children = (
				F87EAB5B266DE7FA00A15F6E /* JRARootVC.swift */,
			);
			path = ViewControllers;
			sourceTree = "<group>";
		};
		F87EAB5C266DE7FA00A15F6E /* Stack */ = {
			isa = PBXGroup;
			children = (
				F87EAB5D266DE7FA00A15F6E /* JRAStackView.swift */,
			);
			path = Stack;
			sourceTree = "<group>";
		};
		F87EAB5E266DE7FA00A15F6E /* Models */ = {
			isa = PBXGroup;
			children = (
				F87EAB5F266DE7FA00A15F6E /* JRAConstraintStruct.swift */,
			);
			path = Models;
			sourceTree = "<group>";
		};
		F87EAB60266DE7FA00A15F6E /* Configs */ = {
			isa = PBXGroup;
			children = (
				F87EAB61266DE7FA00A15F6E /* JRAStyleConfig.swift */,
				F87EAB62266DE7FA00A15F6E /* JRAStyleProtocols.swift */,
				F84EADCF27015FDD003189FC /* JRAConfigContainer.swift */,
			);
			path = Configs;
			sourceTree = "<group>";
		};
		F87EAB63266DE7FA00A15F6E /* Service */ = {
			isa = PBXGroup;
			children = (
				F87EAB64266DE7FA00A15F6E /* JRALayoutHelper.swift */,
				F87EAB65266DE7FA00A15F6E /* JRAAnimationHelper.swift */,
				F84EADBF26FC2758003189FC /* JRALogging.swift */,
			);
			path = Service;
			sourceTree = "<group>";
		};
		F8B25A7E279585FD006F0413 /* Fonts */ = {
			isa = PBXGroup;
			children = (
				F8B25AA8279AD968006F0413 /* Oswald */,
				F8B25A83279589D1006F0413 /* Roboto */,
			);
			path = Fonts;
			sourceTree = "<group>";
		};
		F8B25A83279589D1006F0413 /* Roboto */ = {
			isa = PBXGroup;
			children = (
				F8B25A86279589EB006F0413 /* Roboto-Black.ttf */,
				F8B25A85279589EB006F0413 /* Roboto-Bold.ttf */,
				F8B25A8A279589EB006F0413 /* Roboto-Light.ttf */,
				F8B25A8C279589EC006F0413 /* Roboto-Medium.ttf */,
				F8B25A84279589EB006F0413 /* Roboto-Regular.ttf */,
				F8B25A87279589EB006F0413 /* Roboto-Thin.ttf */,
			);
			path = Roboto;
			sourceTree = "<group>";
		};
		F8B25AA2279AD307006F0413 /* Extensions */ = {
			isa = PBXGroup;
			children = (
				F8B25AA3279AD324006F0413 /* UIFont+Extensions.swift */,
			);
			path = Extensions;
			sourceTree = "<group>";
		};
		F8B25AA8279AD968006F0413 /* Oswald */ = {
			isa = PBXGroup;
			children = (
				F8B25AAD279AD983006F0413 /* Oswald-Bold.ttf */,
				F8B25AAB279AD982006F0413 /* Oswald-ExtraLight.ttf */,
				F8B25AAC279AD982006F0413 /* Oswald-Light.ttf */,
				F8B25AAA279AD982006F0413 /* Oswald-Medium.ttf */,
				F8B25AAE279AD983006F0413 /* Oswald-Regular.ttf */,
				F8B25AA9279AD982006F0413 /* Oswald-SemiBold.ttf */,
			);
			path = Oswald;
			sourceTree = "<group>";
		};
		F8F79465266DE90100E7B2CA /* AnacoreKitDemo */ = {
			isa = PBXGroup;
			children = (
				F84EADDA27076E19003189FC /* Home */,
				F8F79466266DE90100E7B2CA /* AppDelegate.swift */,
				F8F79468266DE90100E7B2CA /* SceneDelegate.swift */,
				F8F7946A266DE90100E7B2CA /* ViewController.swift */,
				F8F7946F266DE90300E7B2CA /* Assets.xcassets */,
				F8F79471266DE90300E7B2CA /* LaunchScreen.storyboard */,
				F8F79474266DE90300E7B2CA /* Info.plist */,
			);
			path = AnacoreKitDemo;
			sourceTree = "<group>";
		};
		F8F7947B266F07C300E7B2CA /* framework */ = {
			isa = PBXGroup;
			children = (
				F8F79486266F0FFC00E7B2CA /* TestHelpers */,
				F8F7947D266F080200E7B2CA /* Service */,
				F8F7947C266F07CC00E7B2CA /* UI */,
			);
			path = framework;
			sourceTree = "<group>";
		};
		F8F7947C266F07CC00E7B2CA /* UI */ = {
			isa = PBXGroup;
			children = (
				F87BB4DE26B1C3D1007D8B8C /* Table */,
				F87BB47B267590C5007D8B8C /* Card */,
			);
			path = UI;
			sourceTree = "<group>";
		};
		F8F7947D266F080200E7B2CA /* Service */ = {
			isa = PBXGroup;
			children = (
				F8F7947E266F082900E7B2CA /* JRALayouthelperTests.swift */,
			);
			path = Service;
			sourceTree = "<group>";
		};
		F8F79486266F0FFC00E7B2CA /* TestHelpers */ = {
			isa = PBXGroup;
			children = (
				F8F79487266F2DEB00E7B2CA /* GWTExpression.swift */,
			);
			path = TestHelpers;
			sourceTree = "<group>";
		};
		FE2535D5B1DD7BABB930B5DB /* Pods */ = {
			isa = PBXGroup;
			children = (
				5F5647F3E41F3F9B894346F4 /* Pods-AnacoreKit.debug.xcconfig */,
				5BBD5F5C7A007050BB51EC8A /* Pods-AnacoreKit.release.xcconfig */,
				340ACA44880744E53498EBC2 /* Pods-AnacoreKit-AnacoreKitTests.debug.xcconfig */,
				5FF187469C429CACFC495C86 /* Pods-AnacoreKit-AnacoreKitTests.release.xcconfig */,
			);
			path = Pods;
			sourceTree = "<group>";
		};
/* End PBXGroup section */

/* Begin PBXHeadersBuildPhase section */
		F87EAB28266DE73500A15F6E /* Headers */ = {
			isa = PBXHeadersBuildPhase;
			buildActionMask = 2147483647;
			files = (
				F87EAB3E266DE73500A15F6E /* AnacoreKit.h in Headers */,
			);
			runOnlyForDeploymentPostprocessing = 0;
		};
/* End PBXHeadersBuildPhase section */

/* Begin PBXNativeTarget section */
		F87EAB2C266DE73500A15F6E /* AnacoreKit */ = {
			isa = PBXNativeTarget;
			buildConfigurationList = F87EAB41266DE73500A15F6E /* Build configuration list for PBXNativeTarget "AnacoreKit" */;
			buildPhases = (
				953E8211471C7D353CC9CA84 /* [CP] Check Pods Manifest.lock */,
				F87EAB28266DE73500A15F6E /* Headers */,
				F87EAB29266DE73500A15F6E /* Sources */,
				F87EAB2A266DE73500A15F6E /* Frameworks */,
				F87EAB2B266DE73500A15F6E /* Resources */,
			);
			buildRules = (
			);
			dependencies = (
			);
			name = AnacoreKit;
			productName = AnacoreKit;
			productReference = F87EAB2D266DE73500A15F6E /* AnacoreKit.framework */;
			productType = "com.apple.product-type.framework";
		};
		F87EAB35266DE73500A15F6E /* AnacoreKitTests */ = {
			isa = PBXNativeTarget;
			buildConfigurationList = F87EAB44266DE73500A15F6E /* Build configuration list for PBXNativeTarget "AnacoreKitTests" */;
			buildPhases = (
				85D96BF13D82E8E7D43E0112 /* [CP] Check Pods Manifest.lock */,
				F87EAB32266DE73500A15F6E /* Sources */,
				F87EAB33266DE73500A15F6E /* Frameworks */,
				F87EAB34266DE73500A15F6E /* Resources */,
			);
			buildRules = (
			);
			dependencies = (
				F87EAB39266DE73500A15F6E /* PBXTargetDependency */,
			);
			name = AnacoreKitTests;
			productName = AnacoreKitTests;
			productReference = F87EAB36266DE73500A15F6E /* AnacoreKitTests.xctest */;
			productType = "com.apple.product-type.bundle.unit-test";
		};
		F8F79463266DE90100E7B2CA /* AnacoreKitDemo */ = {
			isa = PBXNativeTarget;
			buildConfigurationList = F8F79477266DE90300E7B2CA /* Build configuration list for PBXNativeTarget "AnacoreKitDemo" */;
			buildPhases = (
				F8F79460266DE90100E7B2CA /* Sources */,
				F8F79461266DE90100E7B2CA /* Frameworks */,
				F8F79462266DE90100E7B2CA /* Resources */,
			);
			buildRules = (
			);
			dependencies = (
			);
			name = AnacoreKitDemo;
			productName = AnacoreKitDemo;
			productReference = F8F79464266DE90100E7B2CA /* AnacoreKitDemo.app */;
			productType = "com.apple.product-type.application";
		};
/* End PBXNativeTarget section */

/* Begin PBXProject section */
		F87EAB24266DE73500A15F6E /* Project object */ = {
			isa = PBXProject;
			attributes = {
				LastSwiftUpdateCheck = 1230;
				LastUpgradeCheck = 1230;
				TargetAttributes = {
					F87EAB2C266DE73500A15F6E = {
						CreatedOnToolsVersion = 12.3;
					};
					F87EAB35266DE73500A15F6E = {
						CreatedOnToolsVersion = 12.3;
					};
					F8F79463266DE90100E7B2CA = {
						CreatedOnToolsVersion = 12.3;
					};
				};
			};
			buildConfigurationList = F87EAB27266DE73500A15F6E /* Build configuration list for PBXProject "AnacoreKit" */;
			compatibilityVersion = "Xcode 9.3";
			developmentRegion = en;
			hasScannedForEncodings = 0;
			knownRegions = (
				en,
				Base,
			);
			mainGroup = F87EAB23266DE73500A15F6E;
			productRefGroup = F87EAB2E266DE73500A15F6E /* Products */;
			projectDirPath = "";
			projectRoot = "";
			targets = (
				F87EAB2C266DE73500A15F6E /* AnacoreKit */,
				F87EAB35266DE73500A15F6E /* AnacoreKitTests */,
				F8F79463266DE90100E7B2CA /* AnacoreKitDemo */,
			);
		};
/* End PBXProject section */

/* Begin PBXResourcesBuildPhase section */
		F87EAB2B266DE73500A15F6E /* Resources */ = {
			isa = PBXResourcesBuildPhase;
			buildActionMask = 2147483647;
			files = (
				F8B25A93279589EC006F0413 /* Roboto-Thin.ttf in Resources */,
				F8B25AB2279AD983006F0413 /* Oswald-Light.ttf in Resources */,
				F8B25AB3279AD983006F0413 /* Oswald-Bold.ttf in Resources */,
				F8B25A91279589EC006F0413 /* Roboto-Bold.ttf in Resources */,
				F8B25A90279589EC006F0413 /* Roboto-Regular.ttf in Resources */,
				F8B25A96279589EC006F0413 /* Roboto-Light.ttf in Resources */,
				F8B25A92279589EC006F0413 /* Roboto-Black.ttf in Resources */,
				F8B25AB4279AD983006F0413 /* Oswald-Regular.ttf in Resources */,
				F8B25AB0279AD983006F0413 /* Oswald-Medium.ttf in Resources */,
				F8B25A98279589EC006F0413 /* Roboto-Medium.ttf in Resources */,
				F8B25AAF279AD983006F0413 /* Oswald-SemiBold.ttf in Resources */,
				F8B25AB1279AD983006F0413 /* Oswald-ExtraLight.ttf in Resources */,
			);
			runOnlyForDeploymentPostprocessing = 0;
		};
		F87EAB34266DE73500A15F6E /* Resources */ = {
			isa = PBXResourcesBuildPhase;
			buildActionMask = 2147483647;
			files = (
			);
			runOnlyForDeploymentPostprocessing = 0;
		};
		F8F79462266DE90100E7B2CA /* Resources */ = {
			isa = PBXResourcesBuildPhase;
			buildActionMask = 2147483647;
			files = (
				F8F79473266DE90300E7B2CA /* LaunchScreen.storyboard in Resources */,
				F8F79470266DE90300E7B2CA /* Assets.xcassets in Resources */,
			);
			runOnlyForDeploymentPostprocessing = 0;
		};
/* End PBXResourcesBuildPhase section */

/* Begin PBXShellScriptBuildPhase section */
		85D96BF13D82E8E7D43E0112 /* [CP] Check Pods Manifest.lock */ = {
			isa = PBXShellScriptBuildPhase;
			buildActionMask = 2147483647;
			files = (
			);
			inputFileListPaths = (
			);
			inputPaths = (
				"${PODS_PODFILE_DIR_PATH}/Podfile.lock",
				"${PODS_ROOT}/Manifest.lock",
			);
			name = "[CP] Check Pods Manifest.lock";
			outputFileListPaths = (
			);
			outputPaths = (
				"$(DERIVED_FILE_DIR)/Pods-AnacoreKit-AnacoreKitTests-checkManifestLockResult.txt",
			);
			runOnlyForDeploymentPostprocessing = 0;
			shellPath = /bin/sh;
			shellScript = "diff \"${PODS_PODFILE_DIR_PATH}/Podfile.lock\" \"${PODS_ROOT}/Manifest.lock\" > /dev/null\nif [ $? != 0 ] ; then\n    # print error to STDERR\n    echo \"error: The sandbox is not in sync with the Podfile.lock. Run 'pod install' or update your CocoaPods installation.\" >&2\n    exit 1\nfi\n# This output is used by Xcode 'outputs' to avoid re-running this script phase.\necho \"SUCCESS\" > \"${SCRIPT_OUTPUT_FILE_0}\"\n";
			showEnvVarsInLog = 0;
		};
		953E8211471C7D353CC9CA84 /* [CP] Check Pods Manifest.lock */ = {
			isa = PBXShellScriptBuildPhase;
			buildActionMask = 2147483647;
			files = (
			);
			inputFileListPaths = (
			);
			inputPaths = (
				"${PODS_PODFILE_DIR_PATH}/Podfile.lock",
				"${PODS_ROOT}/Manifest.lock",
			);
			name = "[CP] Check Pods Manifest.lock";
			outputFileListPaths = (
			);
			outputPaths = (
				"$(DERIVED_FILE_DIR)/Pods-AnacoreKit-checkManifestLockResult.txt",
			);
			runOnlyForDeploymentPostprocessing = 0;
			shellPath = /bin/sh;
			shellScript = "diff \"${PODS_PODFILE_DIR_PATH}/Podfile.lock\" \"${PODS_ROOT}/Manifest.lock\" > /dev/null\nif [ $? != 0 ] ; then\n    # print error to STDERR\n    echo \"error: The sandbox is not in sync with the Podfile.lock. Run 'pod install' or update your CocoaPods installation.\" >&2\n    exit 1\nfi\n# This output is used by Xcode 'outputs' to avoid re-running this script phase.\necho \"SUCCESS\" > \"${SCRIPT_OUTPUT_FILE_0}\"\n";
			showEnvVarsInLog = 0;
		};
/* End PBXShellScriptBuildPhase section */

/* Begin PBXSourcesBuildPhase section */
		F87EAB29266DE73500A15F6E /* Sources */ = {
			isa = PBXSourcesBuildPhase;
			buildActionMask = 2147483647;
			files = (
				F87EAB72266DE7FA00A15F6E /* JRALayoutHelper.swift in Sources */,
				F87EAB6C266DE7FA00A15F6E /* JRABaseModal.swift in Sources */,
				F87BB4D126B0D312007D8B8C /* JRATable.swift in Sources */,
				F87EAB70266DE7FA00A15F6E /* JRAStyleConfig.swift in Sources */,
				F87EAB6A266DE7FA00A15F6E /* JRATextField.swift in Sources */,
				F87EAB66266DE7FA00A15F6E /* JRADivider.swift in Sources */,
				F84EADC026FC2758003189FC /* JRALogging.swift in Sources */,
				F87EAB67266DE7FA00A15F6E /* JRACard.swift in Sources */,
				F84EADE227077E5D003189FC /* JRAScrollView.swift in Sources */,
				F87EAB71266DE7FA00A15F6E /* JRAStyleProtocols.swift in Sources */,
				F84EADD027015FDD003189FC /* JRAConfigContainer.swift in Sources */,
				F87EAB6E266DE7FA00A15F6E /* JRAStackView.swift in Sources */,
				F87EAB6F266DE7FA00A15F6E /* JRAConstraintStruct.swift in Sources */,
				F8B25AA4279AD324006F0413 /* UIFont+Extensions.swift in Sources */,
				F87EAB6D266DE7FA00A15F6E /* JRARootVC.swift in Sources */,
				F84EADE7270862F6003189FC /* JRABaseCard.swift in Sources */,
				F87EAB73266DE7FA00A15F6E /* JRAAnimationHelper.swift in Sources */,
				F87EAB69266DE7FA00A15F6E /* JRALabel.swift in Sources */,
				F87EAB6B266DE7FA00A15F6E /* JRAOverlay.swift in Sources */,
				F87BB4DA26B0D4EC007D8B8C /* JRARootDatasource.swift in Sources */,
				F87EAB68266DE7FA00A15F6E /* JRABorderLabel.swift in Sources */,
			);
			runOnlyForDeploymentPostprocessing = 0;
		};
		F87EAB32266DE73500A15F6E /* Sources */ = {
			isa = PBXSourcesBuildPhase;
			buildActionMask = 2147483647;
			files = (
				F87BB4E126B1C3F3007D8B8C /* JRARootDatasourceTests.swift in Sources */,
				F8F79488266F2DEB00E7B2CA /* GWTExpression.swift in Sources */,
				F87EAB3C266DE73500A15F6E /* AnacoreKitTests.swift in Sources */,
				F8F7947F266F082900E7B2CA /* JRALayouthelperTests.swift in Sources */,
				F87BB47D26759120007D8B8C /* JRACardTests.swift in Sources */,
			);
			runOnlyForDeploymentPostprocessing = 0;
		};
		F8F79460266DE90100E7B2CA /* Sources */ = {
			isa = PBXSourcesBuildPhase;
			buildActionMask = 2147483647;
			files = (
				F8F7946B266DE90100E7B2CA /* ViewController.swift in Sources */,
				F8F79467266DE90100E7B2CA /* AppDelegate.swift in Sources */,
				F8F79469266DE90100E7B2CA /* SceneDelegate.swift in Sources */,
				F84EADEC271988AA003189FC /* TableViewController.swift in Sources */,
				F84EADDC27076E4D003189FC /* HomeViewController.swift in Sources */,
			);
			runOnlyForDeploymentPostprocessing = 0;
		};
/* End PBXSourcesBuildPhase section */

/* Begin PBXTargetDependency section */
		F87EAB39266DE73500A15F6E /* PBXTargetDependency */ = {
			isa = PBXTargetDependency;
			target = F87EAB2C266DE73500A15F6E /* AnacoreKit */;
			targetProxy = F87EAB38266DE73500A15F6E /* PBXContainerItemProxy */;
		};
/* End PBXTargetDependency section */

/* Begin PBXVariantGroup section */
		F8F79471266DE90300E7B2CA /* LaunchScreen.storyboard */ = {
			isa = PBXVariantGroup;
			children = (
				F8F79472266DE90300E7B2CA /* Base */,
			);
			name = LaunchScreen.storyboard;
			sourceTree = "<group>";
		};
/* End PBXVariantGroup section */

/* Begin XCBuildConfiguration section */
		F87EAB3F266DE73500A15F6E /* Debug */ = {
			isa = XCBuildConfiguration;
			buildSettings = {
				ALWAYS_SEARCH_USER_PATHS = NO;
				CLANG_ANALYZER_NONNULL = YES;
				CLANG_ANALYZER_NUMBER_OBJECT_CONVERSION = YES_AGGRESSIVE;
				CLANG_CXX_LANGUAGE_STANDARD = "gnu++14";
				CLANG_CXX_LIBRARY = "libc++";
				CLANG_ENABLE_MODULES = YES;
				CLANG_ENABLE_OBJC_ARC = YES;
				CLANG_ENABLE_OBJC_WEAK = YES;
				CLANG_WARN_BLOCK_CAPTURE_AUTORELEASING = YES;
				CLANG_WARN_BOOL_CONVERSION = YES;
				CLANG_WARN_COMMA = YES;
				CLANG_WARN_CONSTANT_CONVERSION = YES;
				CLANG_WARN_DEPRECATED_OBJC_IMPLEMENTATIONS = YES;
				CLANG_WARN_DIRECT_OBJC_ISA_USAGE = YES_ERROR;
				CLANG_WARN_DOCUMENTATION_COMMENTS = YES;
				CLANG_WARN_EMPTY_BODY = YES;
				CLANG_WARN_ENUM_CONVERSION = YES;
				CLANG_WARN_INFINITE_RECURSION = YES;
				CLANG_WARN_INT_CONVERSION = YES;
				CLANG_WARN_NON_LITERAL_NULL_CONVERSION = YES;
				CLANG_WARN_OBJC_IMPLICIT_RETAIN_SELF = YES;
				CLANG_WARN_OBJC_LITERAL_CONVERSION = YES;
				CLANG_WARN_OBJC_ROOT_CLASS = YES_ERROR;
				CLANG_WARN_QUOTED_INCLUDE_IN_FRAMEWORK_HEADER = YES;
				CLANG_WARN_RANGE_LOOP_ANALYSIS = YES;
				CLANG_WARN_STRICT_PROTOTYPES = YES;
				CLANG_WARN_SUSPICIOUS_MOVE = YES;
				CLANG_WARN_UNGUARDED_AVAILABILITY = YES_AGGRESSIVE;
				CLANG_WARN_UNREACHABLE_CODE = YES;
				CLANG_WARN__DUPLICATE_METHOD_MATCH = YES;
				COPY_PHASE_STRIP = NO;
				CURRENT_PROJECT_VERSION = 1;
				DEBUG_INFORMATION_FORMAT = dwarf;
				ENABLE_STRICT_OBJC_MSGSEND = YES;
				ENABLE_TESTABILITY = YES;
				GCC_C_LANGUAGE_STANDARD = gnu11;
				GCC_DYNAMIC_NO_PIC = NO;
				GCC_NO_COMMON_BLOCKS = YES;
				GCC_OPTIMIZATION_LEVEL = 0;
				GCC_PREPROCESSOR_DEFINITIONS = (
					"DEBUG=1",
					"$(inherited)",
				);
				GCC_WARN_64_TO_32_BIT_CONVERSION = YES;
				GCC_WARN_ABOUT_RETURN_TYPE = YES_ERROR;
				GCC_WARN_UNDECLARED_SELECTOR = YES;
				GCC_WARN_UNINITIALIZED_AUTOS = YES_AGGRESSIVE;
				GCC_WARN_UNUSED_FUNCTION = YES;
				GCC_WARN_UNUSED_VARIABLE = YES;
				IPHONEOS_DEPLOYMENT_TARGET = 14.3;
				MTL_ENABLE_DEBUG_INFO = INCLUDE_SOURCE;
				MTL_FAST_MATH = YES;
				ONLY_ACTIVE_ARCH = YES;
				SDKROOT = iphoneos;
				SWIFT_ACTIVE_COMPILATION_CONDITIONS = DEBUG;
				SWIFT_OPTIMIZATION_LEVEL = "-Onone";
				VERSIONING_SYSTEM = "apple-generic";
				VERSION_INFO_PREFIX = "";
			};
			name = Debug;
		};
		F87EAB40266DE73500A15F6E /* Release */ = {
			isa = XCBuildConfiguration;
			buildSettings = {
				ALWAYS_SEARCH_USER_PATHS = NO;
				CLANG_ANALYZER_NONNULL = YES;
				CLANG_ANALYZER_NUMBER_OBJECT_CONVERSION = YES_AGGRESSIVE;
				CLANG_CXX_LANGUAGE_STANDARD = "gnu++14";
				CLANG_CXX_LIBRARY = "libc++";
				CLANG_ENABLE_MODULES = YES;
				CLANG_ENABLE_OBJC_ARC = YES;
				CLANG_ENABLE_OBJC_WEAK = YES;
				CLANG_WARN_BLOCK_CAPTURE_AUTORELEASING = YES;
				CLANG_WARN_BOOL_CONVERSION = YES;
				CLANG_WARN_COMMA = YES;
				CLANG_WARN_CONSTANT_CONVERSION = YES;
				CLANG_WARN_DEPRECATED_OBJC_IMPLEMENTATIONS = YES;
				CLANG_WARN_DIRECT_OBJC_ISA_USAGE = YES_ERROR;
				CLANG_WARN_DOCUMENTATION_COMMENTS = YES;
				CLANG_WARN_EMPTY_BODY = YES;
				CLANG_WARN_ENUM_CONVERSION = YES;
				CLANG_WARN_INFINITE_RECURSION = YES;
				CLANG_WARN_INT_CONVERSION = YES;
				CLANG_WARN_NON_LITERAL_NULL_CONVERSION = YES;
				CLANG_WARN_OBJC_IMPLICIT_RETAIN_SELF = YES;
				CLANG_WARN_OBJC_LITERAL_CONVERSION = YES;
				CLANG_WARN_OBJC_ROOT_CLASS = YES_ERROR;
				CLANG_WARN_QUOTED_INCLUDE_IN_FRAMEWORK_HEADER = YES;
				CLANG_WARN_RANGE_LOOP_ANALYSIS = YES;
				CLANG_WARN_STRICT_PROTOTYPES = YES;
				CLANG_WARN_SUSPICIOUS_MOVE = YES;
				CLANG_WARN_UNGUARDED_AVAILABILITY = YES_AGGRESSIVE;
				CLANG_WARN_UNREACHABLE_CODE = YES;
				CLANG_WARN__DUPLICATE_METHOD_MATCH = YES;
				COPY_PHASE_STRIP = NO;
				CURRENT_PROJECT_VERSION = 1;
				DEBUG_INFORMATION_FORMAT = "dwarf-with-dsym";
				ENABLE_NS_ASSERTIONS = NO;
				ENABLE_STRICT_OBJC_MSGSEND = YES;
				GCC_C_LANGUAGE_STANDARD = gnu11;
				GCC_NO_COMMON_BLOCKS = YES;
				GCC_WARN_64_TO_32_BIT_CONVERSION = YES;
				GCC_WARN_ABOUT_RETURN_TYPE = YES_ERROR;
				GCC_WARN_UNDECLARED_SELECTOR = YES;
				GCC_WARN_UNINITIALIZED_AUTOS = YES_AGGRESSIVE;
				GCC_WARN_UNUSED_FUNCTION = YES;
				GCC_WARN_UNUSED_VARIABLE = YES;
				IPHONEOS_DEPLOYMENT_TARGET = 14.3;
				MTL_ENABLE_DEBUG_INFO = NO;
				MTL_FAST_MATH = YES;
				SDKROOT = iphoneos;
				SWIFT_COMPILATION_MODE = wholemodule;
				SWIFT_OPTIMIZATION_LEVEL = "-O";
				VALIDATE_PRODUCT = YES;
				VERSIONING_SYSTEM = "apple-generic";
				VERSION_INFO_PREFIX = "";
			};
			name = Release;
		};
		F87EAB42266DE73500A15F6E /* Debug */ = {
			isa = XCBuildConfiguration;
			baseConfigurationReference = 5F5647F3E41F3F9B894346F4 /* Pods-AnacoreKit.debug.xcconfig */;
			buildSettings = {
				CODE_SIGN_STYLE = Automatic;
				DEFINES_MODULE = YES;
				DEVELOPMENT_TEAM = Q68H52VN7T;
				DYLIB_COMPATIBILITY_VERSION = 1;
				DYLIB_CURRENT_VERSION = 1;
				DYLIB_INSTALL_NAME_BASE = "@rpath";
				INFOPLIST_FILE = AnacoreKit/Info.plist;
				INSTALL_PATH = "$(LOCAL_LIBRARY_DIR)/Frameworks";
				LD_RUNPATH_SEARCH_PATHS = (
					"$(inherited)",
					"@executable_path/Frameworks",
					"@loader_path/Frameworks",
				);
				PRODUCT_BUNDLE_IDENTIFIER = com.jellyrio.fiftyface.AnacoreKit;
				PRODUCT_NAME = "$(TARGET_NAME:c99extidentifier)";
				SKIP_INSTALL = YES;
				SWIFT_VERSION = 5.0;
				TARGETED_DEVICE_FAMILY = "1,2";
			};
			name = Debug;
		};
		F87EAB43266DE73500A15F6E /* Release */ = {
			isa = XCBuildConfiguration;
			baseConfigurationReference = 5BBD5F5C7A007050BB51EC8A /* Pods-AnacoreKit.release.xcconfig */;
			buildSettings = {
				CODE_SIGN_STYLE = Automatic;
				DEFINES_MODULE = YES;
				DEVELOPMENT_TEAM = Q68H52VN7T;
				DYLIB_COMPATIBILITY_VERSION = 1;
				DYLIB_CURRENT_VERSION = 1;
				DYLIB_INSTALL_NAME_BASE = "@rpath";
				INFOPLIST_FILE = AnacoreKit/Info.plist;
				INSTALL_PATH = "$(LOCAL_LIBRARY_DIR)/Frameworks";
				LD_RUNPATH_SEARCH_PATHS = (
					"$(inherited)",
					"@executable_path/Frameworks",
					"@loader_path/Frameworks",
				);
				PRODUCT_BUNDLE_IDENTIFIER = com.jellyrio.fiftyface.AnacoreKit;
				PRODUCT_NAME = "$(TARGET_NAME:c99extidentifier)";
				SKIP_INSTALL = YES;
				SWIFT_VERSION = 5.0;
				TARGETED_DEVICE_FAMILY = "1,2";
			};
			name = Release;
		};
		F87EAB45266DE73500A15F6E /* Debug */ = {
			isa = XCBuildConfiguration;
			baseConfigurationReference = 340ACA44880744E53498EBC2 /* Pods-AnacoreKit-AnacoreKitTests.debug.xcconfig */;
			buildSettings = {
				ALWAYS_EMBED_SWIFT_STANDARD_LIBRARIES = YES;
				CODE_SIGN_STYLE = Automatic;
				DEVELOPMENT_TEAM = Q68H52VN7T;
				INFOPLIST_FILE = AnacoreKitTests/Info.plist;
				LD_RUNPATH_SEARCH_PATHS = (
					"$(inherited)",
					"@executable_path/Frameworks",
					"@loader_path/Frameworks",
				);
				PRODUCT_BUNDLE_IDENTIFIER = com.jellyrio.fiftyface.AnacoreKitTests;
				PRODUCT_NAME = "$(TARGET_NAME)";
				SWIFT_VERSION = 5.0;
				TARGETED_DEVICE_FAMILY = "1,2";
			};
			name = Debug;
		};
		F87EAB46266DE73500A15F6E /* Release */ = {
			isa = XCBuildConfiguration;
			baseConfigurationReference = 5FF187469C429CACFC495C86 /* Pods-AnacoreKit-AnacoreKitTests.release.xcconfig */;
			buildSettings = {
				ALWAYS_EMBED_SWIFT_STANDARD_LIBRARIES = YES;
				CODE_SIGN_STYLE = Automatic;
				DEVELOPMENT_TEAM = Q68H52VN7T;
				INFOPLIST_FILE = AnacoreKitTests/Info.plist;
				LD_RUNPATH_SEARCH_PATHS = (
					"$(inherited)",
					"@executable_path/Frameworks",
					"@loader_path/Frameworks",
				);
				PRODUCT_BUNDLE_IDENTIFIER = com.jellyrio.fiftyface.AnacoreKitTests;
				PRODUCT_NAME = "$(TARGET_NAME)";
				SWIFT_VERSION = 5.0;
				TARGETED_DEVICE_FAMILY = "1,2";
			};
			name = Release;
		};
		F8F79475266DE90300E7B2CA /* Debug */ = {
			isa = XCBuildConfiguration;
			buildSettings = {
				ASSETCATALOG_COMPILER_APPICON_NAME = AppIcon;
				ASSETCATALOG_COMPILER_GLOBAL_ACCENT_COLOR_NAME = AccentColor;
				CODE_SIGN_STYLE = Automatic;
				DEVELOPMENT_TEAM = Q68H52VN7T;
				INFOPLIST_FILE = AnacoreKitDemo/Info.plist;
				LD_RUNPATH_SEARCH_PATHS = (
					"$(inherited)",
					"@executable_path/Frameworks",
				);
				PRODUCT_BUNDLE_IDENTIFIER = com.jellyrio.fiftyface.AnacoreKitDemo;
				PRODUCT_NAME = "$(TARGET_NAME)";
				SWIFT_VERSION = 5.0;
				TARGETED_DEVICE_FAMILY = "1,2";
			};
			name = Debug;
		};
		F8F79476266DE90300E7B2CA /* Release */ = {
			isa = XCBuildConfiguration;
			buildSettings = {
				ASSETCATALOG_COMPILER_APPICON_NAME = AppIcon;
				ASSETCATALOG_COMPILER_GLOBAL_ACCENT_COLOR_NAME = AccentColor;
				CODE_SIGN_STYLE = Automatic;
				DEVELOPMENT_TEAM = Q68H52VN7T;
				INFOPLIST_FILE = AnacoreKitDemo/Info.plist;
				LD_RUNPATH_SEARCH_PATHS = (
					"$(inherited)",
					"@executable_path/Frameworks",
				);
				PRODUCT_BUNDLE_IDENTIFIER = com.jellyrio.fiftyface.AnacoreKitDemo;
				PRODUCT_NAME = "$(TARGET_NAME)";
				SWIFT_VERSION = 5.0;
				TARGETED_DEVICE_FAMILY = "1,2";
			};
			name = Release;
		};
/* End XCBuildConfiguration section */

/* Begin XCConfigurationList section */
		F87EAB27266DE73500A15F6E /* Build configuration list for PBXProject "AnacoreKit" */ = {
			isa = XCConfigurationList;
			buildConfigurations = (
				F87EAB3F266DE73500A15F6E /* Debug */,
				F87EAB40266DE73500A15F6E /* Release */,
			);
			defaultConfigurationIsVisible = 0;
			defaultConfigurationName = Release;
		};
		F87EAB41266DE73500A15F6E /* Build configuration list for PBXNativeTarget "AnacoreKit" */ = {
			isa = XCConfigurationList;
			buildConfigurations = (
				F87EAB42266DE73500A15F6E /* Debug */,
				F87EAB43266DE73500A15F6E /* Release */,
			);
			defaultConfigurationIsVisible = 0;
			defaultConfigurationName = Release;
		};
		F87EAB44266DE73500A15F6E /* Build configuration list for PBXNativeTarget "AnacoreKitTests" */ = {
			isa = XCConfigurationList;
			buildConfigurations = (
				F87EAB45266DE73500A15F6E /* Debug */,
				F87EAB46266DE73500A15F6E /* Release */,
			);
			defaultConfigurationIsVisible = 0;
			defaultConfigurationName = Release;
		};
		F8F79477266DE90300E7B2CA /* Build configuration list for PBXNativeTarget "AnacoreKitDemo" */ = {
			isa = XCConfigurationList;
			buildConfigurations = (
				F8F79475266DE90300E7B2CA /* Debug */,
				F8F79476266DE90300E7B2CA /* Release */,
			);
			defaultConfigurationIsVisible = 0;
			defaultConfigurationName = Release;
		};
/* End XCConfigurationList section */
	};
	rootObject = F87EAB24266DE73500A15F6E /* Project object */;
}
